# This file is automatically @generated by Cargo.
# It is not intended for manual editing.
version = 4

[[package]]
name = "hakoniwa-app"
version = "0.1.0"

[[package]]
name = "hakoniwa-application"
version = "0.1.0"

[[package]]
name = "hakoniwa-domain"
version = "0.1.0"

[[package]]
name = "hakoniwa-infrastructure"
version = "0.1.0"

[[package]]
name = "hakoniwa-presentation"
version = "0.1.0"
